// !$*UTF8*$!
{
	archiveVersion = 1;
	classes = {
	};
	objectVersion = 46;
	objects = {

/* Begin PBXBuildFile section */
		4B5AA41D8D4E47A197DDEC6F /* libPods.a in Frameworks */ = {isa = PBXBuildFile; fileRef = 9C5EA5474D5041C79E517171 /* libPods.a */; };
		F420CA7116E31AFB008878A6 /* NSDateFormatter+CommunityBoardExtensions.m in Sources */ = {isa = PBXBuildFile; fileRef = F420CA7016E31AFB008878A6 /* NSDateFormatter+CommunityBoardExtensions.m */; };
		F420CA7316E324CA008878A6 /* QuartzCore.framework in Frameworks */ = {isa = PBXBuildFile; fileRef = F420CA7216E324CA008878A6 /* QuartzCore.framework */; };
		F44DB45F16F745EC00443121 /* SystemConfiguration.framework in Frameworks */ = {isa = PBXBuildFile; fileRef = F44DB45E16F745EC00443121 /* SystemConfiguration.framework */; };
		F44DB46216F746F600443121 /* CBObjectManager.m in Sources */ = {isa = PBXBuildFile; fileRef = F44DB46116F746F600443121 /* CBObjectManager.m */; };
		F48417C716D9CE8B00074EAE /* UIKit.framework in Frameworks */ = {isa = PBXBuildFile; fileRef = F48417C616D9CE8B00074EAE /* UIKit.framework */; };
		F48417C916D9CE8B00074EAE /* Foundation.framework in Frameworks */ = {isa = PBXBuildFile; fileRef = F48417C816D9CE8B00074EAE /* Foundation.framework */; };
		F48417CB16D9CE8B00074EAE /* CoreGraphics.framework in Frameworks */ = {isa = PBXBuildFile; fileRef = F48417CA16D9CE8B00074EAE /* CoreGraphics.framework */; };
		F48417CD16D9CE8B00074EAE /* CoreData.framework in Frameworks */ = {isa = PBXBuildFile; fileRef = F48417CC16D9CE8B00074EAE /* CoreData.framework */; };
		F48417D316D9CE8B00074EAE /* InfoPlist.strings in Resources */ = {isa = PBXBuildFile; fileRef = F48417D116D9CE8B00074EAE /* InfoPlist.strings */; };
		F48417D516D9CE8B00074EAE /* main.m in Sources */ = {isa = PBXBuildFile; fileRef = F48417D416D9CE8B00074EAE /* main.m */; };
		F48417D916D9CE8B00074EAE /* CBAppDelegate.m in Sources */ = {isa = PBXBuildFile; fileRef = F48417D816D9CE8B00074EAE /* CBAppDelegate.m */; };
		F48417DB16D9CE8B00074EAE /* Default.png in Resources */ = {isa = PBXBuildFile; fileRef = F48417DA16D9CE8B00074EAE /* Default.png */; };
		F48417DD16D9CE8B00074EAE /* Default@2x.png in Resources */ = {isa = PBXBuildFile; fileRef = F48417DC16D9CE8B00074EAE /* Default@2x.png */; };
		F48417DF16D9CE8B00074EAE /* Default-568h@2x.png in Resources */ = {isa = PBXBuildFile; fileRef = F48417DE16D9CE8B00074EAE /* Default-568h@2x.png */; };
		F48417E216D9CE8B00074EAE /* CommunityBoard.xcdatamodeld in Sources */ = {isa = PBXBuildFile; fileRef = F48417E016D9CE8B00074EAE /* CommunityBoard.xcdatamodeld */; };
		F498491A16F5BF4C000736A6 /* CBCommunityViewController.m in Sources */ = {isa = PBXBuildFile; fileRef = F498491316F5BF4C000736A6 /* CBCommunityViewController.m */; };
		F498491B16F5BF4C000736A6 /* CBCreatePostViewController.m in Sources */ = {isa = PBXBuildFile; fileRef = F498491516F5BF4C000736A6 /* CBCreatePostViewController.m */; };
		F498491C16F5BF4C000736A6 /* CBLoginViewController.m in Sources */ = {isa = PBXBuildFile; fileRef = F498491716F5BF4C000736A6 /* CBLoginViewController.m */; };
		F498491D16F5BF4C000736A6 /* CBPostViewController.m in Sources */ = {isa = PBXBuildFile; fileRef = F498491916F5BF4C000736A6 /* CBPostViewController.m */; };
		F498492816F5D142000736A6 /* placeholder.png in Resources */ = {isa = PBXBuildFile; fileRef = F498492616F5D142000736A6 /* placeholder.png */; };
		F498492916F5D142000736A6 /* placeholder@2x.png in Resources */ = {isa = PBXBuildFile; fileRef = F498492716F5D142000736A6 /* placeholder@2x.png */; };
		F498492C16F5D57B000736A6 /* CBPost.m in Sources */ = {isa = PBXBuildFile; fileRef = F498492B16F5D57B000736A6 /* CBPost.m */; };
		F498492F16F5D57C000736A6 /* CBUser.m in Sources */ = {isa = PBXBuildFile; fileRef = F498492E16F5D57C000736A6 /* CBUser.m */; };
		F498493216F5D57C000736A6 /* CBCommunity.m in Sources */ = {isa = PBXBuildFile; fileRef = F498493116F5D57C000736A6 /* CBCommunity.m */; };
		F4E0178816EC6FA20001EFB0 /* MobileCoreServices.framework in Frameworks */ = {isa = PBXBuildFile; fileRef = F4E0178716EC6FA20001EFB0 /* MobileCoreServices.framework */; };
		F4E0178A16EC6FAD0001EFB0 /* Security.framework in Frameworks */ = {isa = PBXBuildFile; fileRef = F4E0178916EC6FAD0001EFB0 /* Security.framework */; };
/* End PBXBuildFile section */

/* Begin PBXFileReference section */
		9C5EA5474D5041C79E517171 /* libPods.a */ = {isa = PBXFileReference; explicitFileType = archive.ar; includeInIndex = 0; path = libPods.a; sourceTree = BUILT_PRODUCTS_DIR; };
		DE86F31D8B7447589944036B /* Pods.xcconfig */ = {isa = PBXFileReference; includeInIndex = 1; lastKnownFileType = text.xcconfig; name = Pods.xcconfig; path = Pods/Pods.xcconfig; sourceTree = SOURCE_ROOT; };
		F420CA6F16E31AFB008878A6 /* NSDateFormatter+CommunityBoardExtensions.h */ = {isa = PBXFileReference; fileEncoding = 4; lastKnownFileType = sourcecode.c.h; path = "NSDateFormatter+CommunityBoardExtensions.h"; sourceTree = "<group>"; };
		F420CA7016E31AFB008878A6 /* NSDateFormatter+CommunityBoardExtensions.m */ = {isa = PBXFileReference; fileEncoding = 4; lastKnownFileType = sourcecode.c.objc; path = "NSDateFormatter+CommunityBoardExtensions.m"; sourceTree = "<group>"; };
		F420CA7216E324CA008878A6 /* QuartzCore.framework */ = {isa = PBXFileReference; lastKnownFileType = wrapper.framework; name = QuartzCore.framework; path = System/Library/Frameworks/QuartzCore.framework; sourceTree = SDKROOT; };
		F44DB45E16F745EC00443121 /* SystemConfiguration.framework */ = {isa = PBXFileReference; lastKnownFileType = wrapper.framework; name = SystemConfiguration.framework; path = System/Library/Frameworks/SystemConfiguration.framework; sourceTree = SDKROOT; };
		F44DB46016F746F600443121 /* CBObjectManager.h */ = {isa = PBXFileReference; fileEncoding = 4; lastKnownFileType = sourcecode.c.h; path = CBObjectManager.h; sourceTree = "<group>"; };
		F44DB46116F746F600443121 /* CBObjectManager.m */ = {isa = PBXFileReference; fileEncoding = 4; lastKnownFileType = sourcecode.c.objc; path = CBObjectManager.m; sourceTree = "<group>"; };
		F48417C316D9CE8B00074EAE /* CommunityBoard.app */ = {isa = PBXFileReference; explicitFileType = wrapper.application; includeInIndex = 0; path = CommunityBoard.app; sourceTree = BUILT_PRODUCTS_DIR; };
		F48417C616D9CE8B00074EAE /* UIKit.framework */ = {isa = PBXFileReference; lastKnownFileType = wrapper.framework; name = UIKit.framework; path = System/Library/Frameworks/UIKit.framework; sourceTree = SDKROOT; };
		F48417C816D9CE8B00074EAE /* Foundation.framework */ = {isa = PBXFileReference; lastKnownFileType = wrapper.framework; name = Foundation.framework; path = System/Library/Frameworks/Foundation.framework; sourceTree = SDKROOT; };
		F48417CA16D9CE8B00074EAE /* CoreGraphics.framework */ = {isa = PBXFileReference; lastKnownFileType = wrapper.framework; name = CoreGraphics.framework; path = System/Library/Frameworks/CoreGraphics.framework; sourceTree = SDKROOT; };
		F48417CC16D9CE8B00074EAE /* CoreData.framework */ = {isa = PBXFileReference; lastKnownFileType = wrapper.framework; name = CoreData.framework; path = System/Library/Frameworks/CoreData.framework; sourceTree = SDKROOT; };
		F48417D016D9CE8B00074EAE /* CommunityBoard-Info.plist */ = {isa = PBXFileReference; lastKnownFileType = text.plist.xml; path = "CommunityBoard-Info.plist"; sourceTree = "<group>"; };
		F48417D216D9CE8B00074EAE /* en */ = {isa = PBXFileReference; lastKnownFileType = text.plist.strings; name = en; path = en.lproj/InfoPlist.strings; sourceTree = "<group>"; };
		F48417D416D9CE8B00074EAE /* main.m */ = {isa = PBXFileReference; lastKnownFileType = sourcecode.c.objc; path = main.m; sourceTree = "<group>"; };
		F48417D616D9CE8B00074EAE /* CommunityBoard-Prefix.pch */ = {isa = PBXFileReference; lastKnownFileType = sourcecode.c.h; path = "CommunityBoard-Prefix.pch"; sourceTree = "<group>"; };
		F48417D716D9CE8B00074EAE /* CBAppDelegate.h */ = {isa = PBXFileReference; lastKnownFileType = sourcecode.c.h; path = CBAppDelegate.h; sourceTree = "<group>"; };
		F48417D816D9CE8B00074EAE /* CBAppDelegate.m */ = {isa = PBXFileReference; lastKnownFileType = sourcecode.c.objc; path = CBAppDelegate.m; sourceTree = "<group>"; };
		F48417DA16D9CE8B00074EAE /* Default.png */ = {isa = PBXFileReference; lastKnownFileType = image.png; path = Default.png; sourceTree = "<group>"; };
		F48417DC16D9CE8B00074EAE /* Default@2x.png */ = {isa = PBXFileReference; lastKnownFileType = image.png; path = "Default@2x.png"; sourceTree = "<group>"; };
		F48417DE16D9CE8B00074EAE /* Default-568h@2x.png */ = {isa = PBXFileReference; lastKnownFileType = image.png; path = "Default-568h@2x.png"; sourceTree = "<group>"; };
		F48417E116D9CE8B00074EAE /* CommunityBoard.xcdatamodel */ = {isa = PBXFileReference; lastKnownFileType = wrapper.xcdatamodel; path = CommunityBoard.xcdatamodel; sourceTree = "<group>"; };
		F498491216F5BF4C000736A6 /* CBCommunityViewController.h */ = {isa = PBXFileReference; fileEncoding = 4; lastKnownFileType = sourcecode.c.h; path = CBCommunityViewController.h; sourceTree = "<group>"; };
		F498491316F5BF4C000736A6 /* CBCommunityViewController.m */ = {isa = PBXFileReference; fileEncoding = 4; lastKnownFileType = sourcecode.c.objc; path = CBCommunityViewController.m; sourceTree = "<group>"; };
		F498491416F5BF4C000736A6 /* CBCreatePostViewController.h */ = {isa = PBXFileReference; fileEncoding = 4; lastKnownFileType = sourcecode.c.h; path = CBCreatePostViewController.h; sourceTree = "<group>"; };
		F498491516F5BF4C000736A6 /* CBCreatePostViewController.m */ = {isa = PBXFileReference; fileEncoding = 4; lastKnownFileType = sourcecode.c.objc; path = CBCreatePostViewController.m; sourceTree = "<group>"; };
		F498491616F5BF4C000736A6 /* CBLoginViewController.h */ = {isa = PBXFileReference; fileEncoding = 4; lastKnownFileType = sourcecode.c.h; path = CBLoginViewController.h; sourceTree = "<group>"; };
		F498491716F5BF4C000736A6 /* CBLoginViewController.m */ = {isa = PBXFileReference; fileEncoding = 4; lastKnownFileType = sourcecode.c.objc; path = CBLoginViewController.m; sourceTree = "<group>"; };
		F498491816F5BF4C000736A6 /* CBPostViewController.h */ = {isa = PBXFileReference; fileEncoding = 4; lastKnownFileType = sourcecode.c.h; path = CBPostViewController.h; sourceTree = "<group>"; };
		F498491916F5BF4C000736A6 /* CBPostViewController.m */ = {isa = PBXFileReference; fileEncoding = 4; lastKnownFileType = sourcecode.c.objc; path = CBPostViewController.m; sourceTree = "<group>"; };
		F498492616F5D142000736A6 /* placeholder.png */ = {isa = PBXFileReference; lastKnownFileType = image.png; path = placeholder.png; sourceTree = "<group>"; };
		F498492716F5D142000736A6 /* placeholder@2x.png */ = {isa = PBXFileReference; lastKnownFileType = image.png; path = "placeholder@2x.png"; sourceTree = "<group>"; };
		F498492A16F5D57B000736A6 /* CBPost.h */ = {isa = PBXFileReference; fileEncoding = 4; lastKnownFileType = sourcecode.c.h; path = CBPost.h; sourceTree = "<group>"; };
		F498492B16F5D57B000736A6 /* CBPost.m */ = {isa = PBXFileReference; fileEncoding = 4; lastKnownFileType = sourcecode.c.objc; path = CBPost.m; sourceTree = "<group>"; };
		F498492D16F5D57C000736A6 /* CBUser.h */ = {isa = PBXFileReference; fileEncoding = 4; lastKnownFileType = sourcecode.c.h; path = CBUser.h; sourceTree = "<group>"; };
		F498492E16F5D57C000736A6 /* CBUser.m */ = {isa = PBXFileReference; fileEncoding = 4; lastKnownFileType = sourcecode.c.objc; path = CBUser.m; sourceTree = "<group>"; };
		F498493016F5D57C000736A6 /* CBCommunity.h */ = {isa = PBXFileReference; fileEncoding = 4; lastKnownFileType = sourcecode.c.h; path = CBCommunity.h; sourceTree = "<group>"; };
		F498493116F5D57C000736A6 /* CBCommunity.m */ = {isa = PBXFileReference; fileEncoding = 4; lastKnownFileType = sourcecode.c.objc; path = CBCommunity.m; sourceTree = "<group>"; };
		F4E0178716EC6FA20001EFB0 /* MobileCoreServices.framework */ = {isa = PBXFileReference; lastKnownFileType = wrapper.framework; name = MobileCoreServices.framework; path = System/Library/Frameworks/MobileCoreServices.framework; sourceTree = SDKROOT; };
		F4E0178916EC6FAD0001EFB0 /* Security.framework */ = {isa = PBXFileReference; lastKnownFileType = wrapper.framework; name = Security.framework; path = System/Library/Frameworks/Security.framework; sourceTree = SDKROOT; };
/* End PBXFileReference section */

/* Begin PBXFrameworksBuildPhase section */
		F48417C016D9CE8B00074EAE /* Frameworks */ = {
			isa = PBXFrameworksBuildPhase;
			buildActionMask = 2147483647;
			files = (
				F44DB45F16F745EC00443121 /* SystemConfiguration.framework in Frameworks */,
				F4E0178A16EC6FAD0001EFB0 /* Security.framework in Frameworks */,
				F4E0178816EC6FA20001EFB0 /* MobileCoreServices.framework in Frameworks */,
				F420CA7316E324CA008878A6 /* QuartzCore.framework in Frameworks */,
				F48417C716D9CE8B00074EAE /* UIKit.framework in Frameworks */,
				F48417C916D9CE8B00074EAE /* Foundation.framework in Frameworks */,
				F48417CB16D9CE8B00074EAE /* CoreGraphics.framework in Frameworks */,
				F48417CD16D9CE8B00074EAE /* CoreData.framework in Frameworks */,
				4B5AA41D8D4E47A197DDEC6F /* libPods.a in Frameworks */,
			);
			runOnlyForDeploymentPostprocessing = 0;
		};
/* End PBXFrameworksBuildPhase section */

/* Begin PBXGroup section */
		F420CA6E16E31ABE008878A6 /* Category */ = {
			isa = PBXGroup;
			children = (
				F420CA6F16E31AFB008878A6 /* NSDateFormatter+CommunityBoardExtensions.h */,
				F420CA7016E31AFB008878A6 /* NSDateFormatter+CommunityBoardExtensions.m */,
			);
			path = Category;
			sourceTree = "<group>";
		};
		F48417BA16D9CE8B00074EAE = {
			isa = PBXGroup;
			children = (
				F48417CE16D9CE8B00074EAE /* CommunityBoard */,
				F48417C516D9CE8B00074EAE /* Frameworks */,
				F48417C416D9CE8B00074EAE /* Products */,
				DE86F31D8B7447589944036B /* Pods.xcconfig */,
			);
			sourceTree = "<group>";
		};
		F48417C416D9CE8B00074EAE /* Products */ = {
			isa = PBXGroup;
			children = (
				F48417C316D9CE8B00074EAE /* CommunityBoard.app */,
			);
			name = Products;
			sourceTree = "<group>";
		};
		F48417C516D9CE8B00074EAE /* Frameworks */ = {
			isa = PBXGroup;
			children = (
				F44DB45E16F745EC00443121 /* SystemConfiguration.framework */,
				F4E0178916EC6FAD0001EFB0 /* Security.framework */,
				F4E0178716EC6FA20001EFB0 /* MobileCoreServices.framework */,
				F420CA7216E324CA008878A6 /* QuartzCore.framework */,
				F48417C616D9CE8B00074EAE /* UIKit.framework */,
				F48417C816D9CE8B00074EAE /* Foundation.framework */,
				F48417CA16D9CE8B00074EAE /* CoreGraphics.framework */,
				F48417CC16D9CE8B00074EAE /* CoreData.framework */,
				9C5EA5474D5041C79E517171 /* libPods.a */,
			);
			name = Frameworks;
			sourceTree = "<group>";
		};
		F48417CE16D9CE8B00074EAE /* CommunityBoard */ = {
			isa = PBXGroup;
			children = (
				F498491F16F5C43E000736A6 /* Views */,
				F420CA6E16E31ABE008878A6 /* Category */,
				F498491116F5BF4C000736A6 /* Controllers */,
				F484181016D9D71300074EAE /* Model */,
				F48417D716D9CE8B00074EAE /* CBAppDelegate.h */,
				F48417D816D9CE8B00074EAE /* CBAppDelegate.m */,
				F44DB46016F746F600443121 /* CBObjectManager.h */,
				F44DB46116F746F600443121 /* CBObjectManager.m */,
				F48417CF16D9CE8B00074EAE /* Supporting Files */,
			);
			path = CommunityBoard;
			sourceTree = "<group>";
		};
		F48417CF16D9CE8B00074EAE /* Supporting Files */ = {
			isa = PBXGroup;
			children = (
				F498492616F5D142000736A6 /* placeholder.png */,
				F498492716F5D142000736A6 /* placeholder@2x.png */,
				F48417D016D9CE8B00074EAE /* CommunityBoard-Info.plist */,
				F48417D116D9CE8B00074EAE /* InfoPlist.strings */,
				F48417D416D9CE8B00074EAE /* main.m */,
				F48417D616D9CE8B00074EAE /* CommunityBoard-Prefix.pch */,
				F48417DA16D9CE8B00074EAE /* Default.png */,
				F48417DC16D9CE8B00074EAE /* Default@2x.png */,
				F48417DE16D9CE8B00074EAE /* Default-568h@2x.png */,
			);
			name = "Supporting Files";
			sourceTree = "<group>";
		};
		F484181016D9D71300074EAE /* Model */ = {
			isa = PBXGroup;
			children = (
				F48417E016D9CE8B00074EAE /* CommunityBoard.xcdatamodeld */,
				F498493016F5D57C000736A6 /* CBCommunity.h */,
				F498493116F5D57C000736A6 /* CBCommunity.m */,
				F498492D16F5D57C000736A6 /* CBUser.h */,
				F498492E16F5D57C000736A6 /* CBUser.m */,
				F498492A16F5D57B000736A6 /* CBPost.h */,
				F498492B16F5D57B000736A6 /* CBPost.m */,
			);
			path = Model;
			sourceTree = "<group>";
		};
		F498491116F5BF4C000736A6 /* Controllers */ = {
			isa = PBXGroup;
			children = (
				F498491216F5BF4C000736A6 /* CBCommunityViewController.h */,
				F498491316F5BF4C000736A6 /* CBCommunityViewController.m */,
				F498491416F5BF4C000736A6 /* CBCreatePostViewController.h */,
				F498491516F5BF4C000736A6 /* CBCreatePostViewController.m */,
				F498491616F5BF4C000736A6 /* CBLoginViewController.h */,
				F498491716F5BF4C000736A6 /* CBLoginViewController.m */,
				F498491816F5BF4C000736A6 /* CBPostViewController.h */,
				F498491916F5BF4C000736A6 /* CBPostViewController.m */,
			);
			path = Controllers;
			sourceTree = "<group>";
		};
		F498491F16F5C43E000736A6 /* Views */ = {
			isa = PBXGroup;
			children = (
			);
			path = Views;
			sourceTree = "<group>";
		};
/* End PBXGroup section */

/* Begin PBXNativeTarget section */
		F48417C216D9CE8B00074EAE /* CommunityBoard */ = {
			isa = PBXNativeTarget;
			buildConfigurationList = F48417F716D9CE8B00074EAE /* Build configuration list for PBXNativeTarget "CommunityBoard" */;
			buildPhases = (
				F48417BF16D9CE8B00074EAE /* Sources */,
				F48417C016D9CE8B00074EAE /* Frameworks */,
				F48417C116D9CE8B00074EAE /* Resources */,
				A05BC4E1D1D24F7BB128B952 /* Copy Pods Resources */,
			);
			buildRules = (
			);
			dependencies = (
			);
			name = CommunityBoard;
			productName = CommunityBoard;
			productReference = F48417C316D9CE8B00074EAE /* CommunityBoard.app */;
			productType = "com.apple.product-type.application";
		};
/* End PBXNativeTarget section */

/* Begin PBXProject section */
		F48417BB16D9CE8B00074EAE /* Project object */ = {
			isa = PBXProject;
			attributes = {
				CLASSPREFIX = CB;
				LastUpgradeCheck = 0460;
				ORGANIZATIONNAME = "Matthew Gillingham";
			};
			buildConfigurationList = F48417BE16D9CE8B00074EAE /* Build configuration list for PBXProject "CommunityBoard" */;
			compatibilityVersion = "Xcode 3.2";
			developmentRegion = English;
			hasScannedForEncodings = 0;
			knownRegions = (
				en,
			);
			mainGroup = F48417BA16D9CE8B00074EAE;
			productRefGroup = F48417C416D9CE8B00074EAE /* Products */;
			projectDirPath = "";
			projectRoot = "";
			targets = (
				F48417C216D9CE8B00074EAE /* CommunityBoard */,
			);
		};
/* End PBXProject section */

/* Begin PBXResourcesBuildPhase section */
		F48417C116D9CE8B00074EAE /* Resources */ = {
			isa = PBXResourcesBuildPhase;
			buildActionMask = 2147483647;
			files = (
				F48417D316D9CE8B00074EAE /* InfoPlist.strings in Resources */,
				F48417DB16D9CE8B00074EAE /* Default.png in Resources */,
				F48417DD16D9CE8B00074EAE /* Default@2x.png in Resources */,
				F48417DF16D9CE8B00074EAE /* Default-568h@2x.png in Resources */,
				F498492816F5D142000736A6 /* placeholder.png in Resources */,
				F498492916F5D142000736A6 /* placeholder@2x.png in Resources */,
			);
			runOnlyForDeploymentPostprocessing = 0;
		};
/* End PBXResourcesBuildPhase section */

/* Begin PBXShellScriptBuildPhase section */
		A05BC4E1D1D24F7BB128B952 /* Copy Pods Resources */ = {
			isa = PBXShellScriptBuildPhase;
			buildActionMask = 2147483647;
			files = (
			);
			inputPaths = (
			);
			name = "Copy Pods Resources";
			outputPaths = (
			);
			runOnlyForDeploymentPostprocessing = 0;
			shellPath = /bin/sh;
			shellScript = "\"${SRCROOT}/Pods/Pods-resources.sh\"\n";
		};
/* End PBXShellScriptBuildPhase section */

/* Begin PBXSourcesBuildPhase section */
		F48417BF16D9CE8B00074EAE /* Sources */ = {
			isa = PBXSourcesBuildPhase;
			buildActionMask = 2147483647;
			files = (
				F48417D516D9CE8B00074EAE /* main.m in Sources */,
				F48417D916D9CE8B00074EAE /* CBAppDelegate.m in Sources */,
				F48417E216D9CE8B00074EAE /* CommunityBoard.xcdatamodeld in Sources */,
				F420CA7116E31AFB008878A6 /* NSDateFormatter+CommunityBoardExtensions.m in Sources */,
				F498491A16F5BF4C000736A6 /* CBCommunityViewController.m in Sources */,
				F498491B16F5BF4C000736A6 /* CBCreatePostViewController.m in Sources */,
				F498491C16F5BF4C000736A6 /* CBLoginViewController.m in Sources */,
				F498491D16F5BF4C000736A6 /* CBPostViewController.m in Sources */,
				F498492C16F5D57B000736A6 /* CBPost.m in Sources */,
				F498492F16F5D57C000736A6 /* CBUser.m in Sources */,
				F498493216F5D57C000736A6 /* CBCommunity.m in Sources */,
				F44DB46216F746F600443121 /* CBObjectManager.m in Sources */,
			);
			runOnlyForDeploymentPostprocessing = 0;
		};
/* End PBXSourcesBuildPhase section */

/* Begin PBXVariantGroup section */
		F48417D116D9CE8B00074EAE /* InfoPlist.strings */ = {
			isa = PBXVariantGroup;
			children = (
				F48417D216D9CE8B00074EAE /* en */,
			);
			name = InfoPlist.strings;
			sourceTree = "<group>";
		};
/* End PBXVariantGroup section */

/* Begin XCBuildConfiguration section */
		F48417F516D9CE8B00074EAE /* Debug */ = {
			isa = XCBuildConfiguration;
			buildSettings = {
				ALWAYS_SEARCH_USER_PATHS = NO;
				CLANG_CXX_LANGUAGE_STANDARD = "gnu++0x";
				CLANG_CXX_LIBRARY = "libc++";
				CLANG_ENABLE_OBJC_ARC = YES;
				CLANG_WARN_CONSTANT_CONVERSION = YES;
				CLANG_WARN_EMPTY_BODY = YES;
				CLANG_WARN_ENUM_CONVERSION = YES;
				CLANG_WARN_INT_CONVERSION = YES;
				CLANG_WARN__DUPLICATE_METHOD_MATCH = YES;
				"CODE_SIGN_IDENTITY[sdk=iphoneos*]" = "iPhone Developer";
				COPY_PHASE_STRIP = NO;
				GCC_C_LANGUAGE_STANDARD = gnu99;
				GCC_DYNAMIC_NO_PIC = NO;
				GCC_OPTIMIZATION_LEVEL = 0;
				GCC_PREPROCESSOR_DEFINITIONS = (
					"DEBUG=1",
					"$(inherited)",
				);
				GCC_SYMBOLS_PRIVATE_EXTERN = NO;
				GCC_WARN_ABOUT_RETURN_TYPE = YES;
				GCC_WARN_UNINITIALIZED_AUTOS = YES;
				GCC_WARN_UNUSED_VARIABLE = YES;
				IPHONEOS_DEPLOYMENT_TARGET = 6.1;
				ONLY_ACTIVE_ARCH = YES;
				SDKROOT = iphoneos;
				TARGETED_DEVICE_FAMILY = "1,2";
			};
			name = Debug;
		};
		F48417F616D9CE8B00074EAE /* Release */ = {
			isa = XCBuildConfiguration;
			buildSettings = {
				ALWAYS_SEARCH_USER_PATHS = NO;
				CLANG_CXX_LANGUAGE_STANDARD = "gnu++0x";
				CLANG_CXX_LIBRARY = "libc++";
				CLANG_ENABLE_OBJC_ARC = YES;
				CLANG_WARN_CONSTANT_CONVERSION = YES;
				CLANG_WARN_EMPTY_BODY = YES;
				CLANG_WARN_ENUM_CONVERSION = YES;
				CLANG_WARN_INT_CONVERSION = YES;
				CLANG_WARN__DUPLICATE_METHOD_MATCH = YES;
				"CODE_SIGN_IDENTITY[sdk=iphoneos*]" = "iPhone Developer";
				COPY_PHASE_STRIP = YES;
				GCC_C_LANGUAGE_STANDARD = gnu99;
				GCC_WARN_ABOUT_RETURN_TYPE = YES;
				GCC_WARN_UNINITIALIZED_AUTOS = YES;
				GCC_WARN_UNUSED_VARIABLE = YES;
				IPHONEOS_DEPLOYMENT_TARGET = 6.1;
				OTHER_CFLAGS = "-DNS_BLOCK_ASSERTIONS=1";
				SDKROOT = iphoneos;
				TARGETED_DEVICE_FAMILY = "1,2";
				VALIDATE_PRODUCT = YES;
			};
			name = Release;
		};
		F48417F816D9CE8B00074EAE /* Debug */ = {
			isa = XCBuildConfiguration;
			baseConfigurationReference = DE86F31D8B7447589944036B /* Pods.xcconfig */;
			buildSettings = {
				GCC_PRECOMPILE_PREFIX_HEADER = YES;
				GCC_PREFIX_HEADER = "CommunityBoard/CommunityBoard-Prefix.pch";
				INFOPLIST_FILE = "CommunityBoard/CommunityBoard-Info.plist";
				IPHONEOS_DEPLOYMENT_TARGET = 5.0;
				PRODUCT_NAME = "$(TARGET_NAME)";
				WRAPPER_EXTENSION = app;
			};
			name = Debug;
		};
		F48417F916D9CE8B00074EAE /* Release */ = {
			isa = XCBuildConfiguration;
			baseConfigurationReference = DE86F31D8B7447589944036B /* Pods.xcconfig */;
			buildSettings = {
				GCC_PRECOMPILE_PREFIX_HEADER = YES;
				GCC_PREFIX_HEADER = "CommunityBoard/CommunityBoard-Prefix.pch";
				INFOPLIST_FILE = "CommunityBoard/CommunityBoard-Info.plist";
				IPHONEOS_DEPLOYMENT_TARGET = 5.0;
				PRODUCT_NAME = "$(TARGET_NAME)";
				WRAPPER_EXTENSION = app;
			};
			name = Release;
		};
/* End XCBuildConfiguration section */

/* Begin XCConfigurationList section */
		F48417BE16D9CE8B00074EAE /* Build configuration list for PBXProject "CommunityBoard" */ = {
			isa = XCConfigurationList;
			buildConfigurations = (
				F48417F516D9CE8B00074EAE /* Debug */,
				F48417F616D9CE8B00074EAE /* Release */,
			);
			defaultConfigurationIsVisible = 0;
			defaultConfigurationName = Release;
		};
		F48417F716D9CE8B00074EAE /* Build configuration list for PBXNativeTarget "CommunityBoard" */ = {
			isa = XCConfigurationList;
			buildConfigurations = (
				F48417F816D9CE8B00074EAE /* Debug */,
				F48417F916D9CE8B00074EAE /* Release */,
			);
			defaultConfigurationIsVisible = 0;
			defaultConfigurationName = Release;
		};
/* End XCConfigurationList section */

/* Begin XCVersionGroup section */
		F48417E016D9CE8B00074EAE /* CommunityBoard.xcdatamodeld */ = {
			isa = XCVersionGroup;
			children = (
				F48417E116D9CE8B00074EAE /* CommunityBoard.xcdatamodel */,
			);
			currentVersion = F48417E116D9CE8B00074EAE /* CommunityBoard.xcdatamodel */;
			name = CommunityBoard.xcdatamodeld;
			path = ../CommunityBoard.xcdatamodeld;
			sourceTree = "<group>";
			versionGroupType = wrapper.xcdatamodel;
		};
/* End XCVersionGroup section */
	};
	rootObject = F48417BB16D9CE8B00074EAE /* Project object */;
}
