// !$*UTF8*$!
{
	archiveVersion = 1;
	classes = {
	};
	objectVersion = 46;
	objects = {

/* Begin PBXBuildFile section */
		4B5AA41D8D4E47A197DDEC6F /* libPods.a in Frameworks */ = {isa = PBXBuildFile; fileRef = 9C5EA5474D5041C79E517171 /* libPods.a */; };
		F48417C716D9CE8B00074EAE /* UIKit.framework in Frameworks */ = {isa = PBXBuildFile; fileRef = F48417C616D9CE8B00074EAE /* UIKit.framework */; };
		F48417C916D9CE8B00074EAE /* Foundation.framework in Frameworks */ = {isa = PBXBuildFile; fileRef = F48417C816D9CE8B00074EAE /* Foundation.framework */; };
		F48417CB16D9CE8B00074EAE /* CoreGraphics.framework in Frameworks */ = {isa = PBXBuildFile; fileRef = F48417CA16D9CE8B00074EAE /* CoreGraphics.framework */; };
		F48417CD16D9CE8B00074EAE /* CoreData.framework in Frameworks */ = {isa = PBXBuildFile; fileRef = F48417CC16D9CE8B00074EAE /* CoreData.framework */; };
		F48417D316D9CE8B00074EAE /* InfoPlist.strings in Resources */ = {isa = PBXBuildFile; fileRef = F48417D116D9CE8B00074EAE /* InfoPlist.strings */; };
		F48417D516D9CE8B00074EAE /* main.m in Sources */ = {isa = PBXBuildFile; fileRef = F48417D416D9CE8B00074EAE /* main.m */; };
		F48417D916D9CE8B00074EAE /* CBAppDelegate.m in Sources */ = {isa = PBXBuildFile; fileRef = F48417D816D9CE8B00074EAE /* CBAppDelegate.m */; };
		F48417DB16D9CE8B00074EAE /* Default.png in Resources */ = {isa = PBXBuildFile; fileRef = F48417DA16D9CE8B00074EAE /* Default.png */; };
		F48417DD16D9CE8B00074EAE /* Default@2x.png in Resources */ = {isa = PBXBuildFile; fileRef = F48417DC16D9CE8B00074EAE /* Default@2x.png */; };
		F48417DF16D9CE8B00074EAE /* Default-568h@2x.png in Resources */ = {isa = PBXBuildFile; fileRef = F48417DE16D9CE8B00074EAE /* Default-568h@2x.png */; };
		F48417E216D9CE8B00074EAE /* CommunityBoard.xcdatamodeld in Sources */ = {isa = PBXBuildFile; fileRef = F48417E016D9CE8B00074EAE /* CommunityBoard.xcdatamodeld */; };
		F48417E516D9CE8B00074EAE /* CBMasterViewController.m in Sources */ = {isa = PBXBuildFile; fileRef = F48417E416D9CE8B00074EAE /* CBMasterViewController.m */; };
		F48417E816D9CE8B00074EAE /* CBDetailViewController.m in Sources */ = {isa = PBXBuildFile; fileRef = F48417E716D9CE8B00074EAE /* CBDetailViewController.m */; };
		F48417EB16D9CE8B00074EAE /* CBMasterViewController_iPhone.xib in Resources */ = {isa = PBXBuildFile; fileRef = F48417E916D9CE8B00074EAE /* CBMasterViewController_iPhone.xib */; };
		F48417EE16D9CE8B00074EAE /* CBMasterViewController_iPad.xib in Resources */ = {isa = PBXBuildFile; fileRef = F48417EC16D9CE8B00074EAE /* CBMasterViewController_iPad.xib */; };
		F48417F416D9CE8B00074EAE /* CBDetailViewController_iPad.xib in Resources */ = {isa = PBXBuildFile; fileRef = F48417F216D9CE8B00074EAE /* CBDetailViewController_iPad.xib */; };
		F484181D16D9D89E00074EAE /* CBHTTPClient.m in Sources */ = {isa = PBXBuildFile; fileRef = F484181C16D9D89E00074EAE /* CBHTTPClient.m */; };
		F484182416D9ED4D00074EAE /* CBIncrementalStore.m in Sources */ = {isa = PBXBuildFile; fileRef = F484182316D9ED4D00074EAE /* CBIncrementalStore.m */; };
		F484182616DA03F100074EAE /* CBDetailViewController_iPhone.xib in Resources */ = {isa = PBXBuildFile; fileRef = F484182516DA03F100074EAE /* CBDetailViewController_iPhone.xib */; };
/* End PBXBuildFile section */

/* Begin PBXFileReference section */
		9C5EA5474D5041C79E517171 /* libPods.a */ = {isa = PBXFileReference; explicitFileType = archive.ar; includeInIndex = 0; path = libPods.a; sourceTree = BUILT_PRODUCTS_DIR; };
		DE86F31D8B7447589944036B /* Pods.xcconfig */ = {isa = PBXFileReference; includeInIndex = 1; lastKnownFileType = text.xcconfig; name = Pods.xcconfig; path = Pods/Pods.xcconfig; sourceTree = SOURCE_ROOT; };
		F48417C316D9CE8B00074EAE /* CommunityBoard.app */ = {isa = PBXFileReference; explicitFileType = wrapper.application; includeInIndex = 0; path = CommunityBoard.app; sourceTree = BUILT_PRODUCTS_DIR; };
		F48417C616D9CE8B00074EAE /* UIKit.framework */ = {isa = PBXFileReference; lastKnownFileType = wrapper.framework; name = UIKit.framework; path = System/Library/Frameworks/UIKit.framework; sourceTree = SDKROOT; };
		F48417C816D9CE8B00074EAE /* Foundation.framework */ = {isa = PBXFileReference; lastKnownFileType = wrapper.framework; name = Foundation.framework; path = System/Library/Frameworks/Foundation.framework; sourceTree = SDKROOT; };
		F48417CA16D9CE8B00074EAE /* CoreGraphics.framework */ = {isa = PBXFileReference; lastKnownFileType = wrapper.framework; name = CoreGraphics.framework; path = System/Library/Frameworks/CoreGraphics.framework; sourceTree = SDKROOT; };
		F48417CC16D9CE8B00074EAE /* CoreData.framework */ = {isa = PBXFileReference; lastKnownFileType = wrapper.framework; name = CoreData.framework; path = System/Library/Frameworks/CoreData.framework; sourceTree = SDKROOT; };
		F48417D016D9CE8B00074EAE /* CommunityBoard-Info.plist */ = {isa = PBXFileReference; lastKnownFileType = text.plist.xml; path = "CommunityBoard-Info.plist"; sourceTree = "<group>"; };
		F48417D216D9CE8B00074EAE /* en */ = {isa = PBXFileReference; lastKnownFileType = text.plist.strings; name = en; path = en.lproj/InfoPlist.strings; sourceTree = "<group>"; };
		F48417D416D9CE8B00074EAE /* main.m */ = {isa = PBXFileReference; lastKnownFileType = sourcecode.c.objc; path = main.m; sourceTree = "<group>"; };
		F48417D616D9CE8B00074EAE /* CommunityBoard-Prefix.pch */ = {isa = PBXFileReference; lastKnownFileType = sourcecode.c.h; path = "CommunityBoard-Prefix.pch"; sourceTree = "<group>"; };
		F48417D716D9CE8B00074EAE /* CBAppDelegate.h */ = {isa = PBXFileReference; lastKnownFileType = sourcecode.c.h; path = CBAppDelegate.h; sourceTree = "<group>"; };
		F48417D816D9CE8B00074EAE /* CBAppDelegate.m */ = {isa = PBXFileReference; lastKnownFileType = sourcecode.c.objc; path = CBAppDelegate.m; sourceTree = "<group>"; };
		F48417DA16D9CE8B00074EAE /* Default.png */ = {isa = PBXFileReference; lastKnownFileType = image.png; path = Default.png; sourceTree = "<group>"; };
		F48417DC16D9CE8B00074EAE /* Default@2x.png */ = {isa = PBXFileReference; lastKnownFileType = image.png; path = "Default@2x.png"; sourceTree = "<group>"; };
		F48417DE16D9CE8B00074EAE /* Default-568h@2x.png */ = {isa = PBXFileReference; lastKnownFileType = image.png; path = "Default-568h@2x.png"; sourceTree = "<group>"; };
		F48417E116D9CE8B00074EAE /* CommunityBoard.xcdatamodel */ = {isa = PBXFileReference; lastKnownFileType = wrapper.xcdatamodel; path = CommunityBoard.xcdatamodel; sourceTree = "<group>"; };
		F48417E316D9CE8B00074EAE /* CBMasterViewController.h */ = {isa = PBXFileReference; lastKnownFileType = sourcecode.c.h; path = CBMasterViewController.h; sourceTree = "<group>"; };
		F48417E416D9CE8B00074EAE /* CBMasterViewController.m */ = {isa = PBXFileReference; lastKnownFileType = sourcecode.c.objc; path = CBMasterViewController.m; sourceTree = "<group>"; };
		F48417E616D9CE8B00074EAE /* CBDetailViewController.h */ = {isa = PBXFileReference; lastKnownFileType = sourcecode.c.h; path = CBDetailViewController.h; sourceTree = "<group>"; };
		F48417E716D9CE8B00074EAE /* CBDetailViewController.m */ = {isa = PBXFileReference; lastKnownFileType = sourcecode.c.objc; path = CBDetailViewController.m; sourceTree = "<group>"; };
		F48417EA16D9CE8B00074EAE /* en */ = {isa = PBXFileReference; lastKnownFileType = file.xib; name = en; path = en.lproj/CBMasterViewController_iPhone.xib; sourceTree = "<group>"; };
		F48417ED16D9CE8B00074EAE /* en */ = {isa = PBXFileReference; lastKnownFileType = file.xib; name = en; path = en.lproj/CBMasterViewController_iPad.xib; sourceTree = "<group>"; };
		F48417F316D9CE8B00074EAE /* en */ = {isa = PBXFileReference; lastKnownFileType = file.xib; name = en; path = en.lproj/CBDetailViewController_iPad.xib; sourceTree = "<group>"; };
		F484181B16D9D89E00074EAE /* CBHTTPClient.h */ = {isa = PBXFileReference; fileEncoding = 4; lastKnownFileType = sourcecode.c.h; path = CBHTTPClient.h; sourceTree = "<group>"; };
		F484181C16D9D89E00074EAE /* CBHTTPClient.m */ = {isa = PBXFileReference; fileEncoding = 4; lastKnownFileType = sourcecode.c.objc; path = CBHTTPClient.m; sourceTree = "<group>"; };
		F484182216D9ED4D00074EAE /* CBIncrementalStore.h */ = {isa = PBXFileReference; fileEncoding = 4; lastKnownFileType = sourcecode.c.h; path = CBIncrementalStore.h; sourceTree = "<group>"; };
		F484182316D9ED4D00074EAE /* CBIncrementalStore.m */ = {isa = PBXFileReference; fileEncoding = 4; lastKnownFileType = sourcecode.c.objc; path = CBIncrementalStore.m; sourceTree = "<group>"; };
		F484182516DA03F100074EAE /* CBDetailViewController_iPhone.xib */ = {isa = PBXFileReference; fileEncoding = 4; lastKnownFileType = file.xib; path = CBDetailViewController_iPhone.xib; sourceTree = "<group>"; };
/* End PBXFileReference section */

/* Begin PBXFrameworksBuildPhase section */
		F48417C016D9CE8B00074EAE /* Frameworks */ = {
			isa = PBXFrameworksBuildPhase;
			buildActionMask = 2147483647;
			files = (
				F48417C716D9CE8B00074EAE /* UIKit.framework in Frameworks */,
				F48417C916D9CE8B00074EAE /* Foundation.framework in Frameworks */,
				F48417CB16D9CE8B00074EAE /* CoreGraphics.framework in Frameworks */,
				F48417CD16D9CE8B00074EAE /* CoreData.framework in Frameworks */,
				4B5AA41D8D4E47A197DDEC6F /* libPods.a in Frameworks */,
			);
			runOnlyForDeploymentPostprocessing = 0;
		};
/* End PBXFrameworksBuildPhase section */

/* Begin PBXGroup section */
		F48417BA16D9CE8B00074EAE = {
			isa = PBXGroup;
			children = (
				F48417CE16D9CE8B00074EAE /* CommunityBoard */,
				F48417C516D9CE8B00074EAE /* Frameworks */,
				F48417C416D9CE8B00074EAE /* Products */,
				DE86F31D8B7447589944036B /* Pods.xcconfig */,
			);
			sourceTree = "<group>";
		};
		F48417C416D9CE8B00074EAE /* Products */ = {
			isa = PBXGroup;
			children = (
				F48417C316D9CE8B00074EAE /* CommunityBoard.app */,
			);
			name = Products;
			sourceTree = "<group>";
		};
		F48417C516D9CE8B00074EAE /* Frameworks */ = {
			isa = PBXGroup;
			children = (
				F48417C616D9CE8B00074EAE /* UIKit.framework */,
				F48417C816D9CE8B00074EAE /* Foundation.framework */,
				F48417CA16D9CE8B00074EAE /* CoreGraphics.framework */,
				F48417CC16D9CE8B00074EAE /* CoreData.framework */,
				9C5EA5474D5041C79E517171 /* libPods.a */,
			);
			name = Frameworks;
			sourceTree = "<group>";
		};
		F48417CE16D9CE8B00074EAE /* CommunityBoard */ = {
			isa = PBXGroup;
			children = (
				F484181A16D9D87700074EAE /* API */,
				F484182116D9ED4D00074EAE /* IncrementalStore */,
				F484181016D9D71300074EAE /* Model */,
				F48417D716D9CE8B00074EAE /* CBAppDelegate.h */,
				F48417D816D9CE8B00074EAE /* CBAppDelegate.m */,
				F48417E316D9CE8B00074EAE /* CBMasterViewController.h */,
				F48417E416D9CE8B00074EAE /* CBMasterViewController.m */,
				F48417E616D9CE8B00074EAE /* CBDetailViewController.h */,
				F48417E716D9CE8B00074EAE /* CBDetailViewController.m */,
				F48417E916D9CE8B00074EAE /* CBMasterViewController_iPhone.xib */,
				F48417EC16D9CE8B00074EAE /* CBMasterViewController_iPad.xib */,
				F484182516DA03F100074EAE /* CBDetailViewController_iPhone.xib */,
				F48417F216D9CE8B00074EAE /* CBDetailViewController_iPad.xib */,
				F48417E016D9CE8B00074EAE /* CommunityBoard.xcdatamodeld */,
				F48417CF16D9CE8B00074EAE /* Supporting Files */,
			);
			path = CommunityBoard;
			sourceTree = "<group>";
		};
		F48417CF16D9CE8B00074EAE /* Supporting Files */ = {
			isa = PBXGroup;
			children = (
				F48417D016D9CE8B00074EAE /* CommunityBoard-Info.plist */,
				F48417D116D9CE8B00074EAE /* InfoPlist.strings */,
				F48417D416D9CE8B00074EAE /* main.m */,
				F48417D616D9CE8B00074EAE /* CommunityBoard-Prefix.pch */,
				F48417DA16D9CE8B00074EAE /* Default.png */,
				F48417DC16D9CE8B00074EAE /* Default@2x.png */,
				F48417DE16D9CE8B00074EAE /* Default-568h@2x.png */,
			);
			name = "Supporting Files";
			sourceTree = "<group>";
		};
		F484181016D9D71300074EAE /* Model */ = {
			isa = PBXGroup;
			children = (
			);
			path = Model;
			sourceTree = "<group>";
		};
		F484181A16D9D87700074EAE /* API */ = {
			isa = PBXGroup;
			children = (
				F484181B16D9D89E00074EAE /* CBHTTPClient.h */,
				F484181C16D9D89E00074EAE /* CBHTTPClient.m */,
			);
			path = API;
			sourceTree = "<group>";
		};
		F484182116D9ED4D00074EAE /* IncrementalStore */ = {
			isa = PBXGroup;
			children = (
				F484182216D9ED4D00074EAE /* CBIncrementalStore.h */,
				F484182316D9ED4D00074EAE /* CBIncrementalStore.m */,
			);
			path = IncrementalStore;
			sourceTree = "<group>";
		};
/* End PBXGroup section */

/* Begin PBXNativeTarget section */
		F48417C216D9CE8B00074EAE /* CommunityBoard */ = {
			isa = PBXNativeTarget;
			buildConfigurationList = F48417F716D9CE8B00074EAE /* Build configuration list for PBXNativeTarget "CommunityBoard" */;
			buildPhases = (
				F48417BF16D9CE8B00074EAE /* Sources */,
				F48417C016D9CE8B00074EAE /* Frameworks */,
				F48417C116D9CE8B00074EAE /* Resources */,
				A05BC4E1D1D24F7BB128B952 /* Copy Pods Resources */,
			);
			buildRules = (
			);
			dependencies = (
			);
			name = CommunityBoard;
			productName = CommunityBoard;
			productReference = F48417C316D9CE8B00074EAE /* CommunityBoard.app */;
			productType = "com.apple.product-type.application";
		};
/* End PBXNativeTarget section */

/* Begin PBXProject section */
		F48417BB16D9CE8B00074EAE /* Project object */ = {
			isa = PBXProject;
			attributes = {
				CLASSPREFIX = CB;
				LastUpgradeCheck = 0460;
				ORGANIZATIONNAME = "Matthew Gillingham";
			};
			buildConfigurationList = F48417BE16D9CE8B00074EAE /* Build configuration list for PBXProject "CommunityBoard" */;
			compatibilityVersion = "Xcode 3.2";
			developmentRegion = English;
			hasScannedForEncodings = 0;
			knownRegions = (
				en,
			);
			mainGroup = F48417BA16D9CE8B00074EAE;
			productRefGroup = F48417C416D9CE8B00074EAE /* Products */;
			projectDirPath = "";
			projectRoot = "";
			targets = (
				F48417C216D9CE8B00074EAE /* CommunityBoard */,
			);
		};
/* End PBXProject section */

/* Begin PBXResourcesBuildPhase section */
		F48417C116D9CE8B00074EAE /* Resources */ = {
			isa = PBXResourcesBuildPhase;
			buildActionMask = 2147483647;
			files = (
				F48417D316D9CE8B00074EAE /* InfoPlist.strings in Resources */,
				F48417DB16D9CE8B00074EAE /* Default.png in Resources */,
				F48417DD16D9CE8B00074EAE /* Default@2x.png in Resources */,
				F48417DF16D9CE8B00074EAE /* Default-568h@2x.png in Resources */,
				F48417EB16D9CE8B00074EAE /* CBMasterViewController_iPhone.xib in Resources */,
				F48417EE16D9CE8B00074EAE /* CBMasterViewController_iPad.xib in Resources */,
				F48417F416D9CE8B00074EAE /* CBDetailViewController_iPad.xib in Resources */,
				F484182616DA03F100074EAE /* CBDetailViewController_iPhone.xib in Resources */,
			);
			runOnlyForDeploymentPostprocessing = 0;
		};
/* End PBXResourcesBuildPhase section */

/* Begin PBXShellScriptBuildPhase section */
		A05BC4E1D1D24F7BB128B952 /* Copy Pods Resources */ = {
			isa = PBXShellScriptBuildPhase;
			buildActionMask = 2147483647;
			files = (
			);
			inputPaths = (
			);
			name = "Copy Pods Resources";
			outputPaths = (
			);
			runOnlyForDeploymentPostprocessing = 0;
			shellPath = /bin/sh;
			shellScript = "\"${SRCROOT}/Pods/Pods-resources.sh\"\n";
		};
/* End PBXShellScriptBuildPhase section */

/* Begin PBXSourcesBuildPhase section */
		F48417BF16D9CE8B00074EAE /* Sources */ = {
			isa = PBXSourcesBuildPhase;
			buildActionMask = 2147483647;
			files = (
				F48417D516D9CE8B00074EAE /* main.m in Sources */,
				F48417D916D9CE8B00074EAE /* CBAppDelegate.m in Sources */,
				F48417E216D9CE8B00074EAE /* CommunityBoard.xcdatamodeld in Sources */,
				F48417E516D9CE8B00074EAE /* CBMasterViewController.m in Sources */,
				F48417E816D9CE8B00074EAE /* CBDetailViewController.m in Sources */,
				F484181D16D9D89E00074EAE /* CBHTTPClient.m in Sources */,
				F484182416D9ED4D00074EAE /* CBIncrementalStore.m in Sources */,
			);
			runOnlyForDeploymentPostprocessing = 0;
		};
/* End PBXSourcesBuildPhase section */

/* Begin PBXVariantGroup section */
		F48417D116D9CE8B00074EAE /* InfoPlist.strings */ = {
			isa = PBXVariantGroup;
			children = (
				F48417D216D9CE8B00074EAE /* en */,
			);
			name = InfoPlist.strings;
			sourceTree = "<group>";
		};
		F48417E916D9CE8B00074EAE /* CBMasterViewController_iPhone.xib */ = {
			isa = PBXVariantGroup;
			children = (
				F48417EA16D9CE8B00074EAE /* en */,
			);
			name = CBMasterViewController_iPhone.xib;
			sourceTree = "<group>";
		};
		F48417EC16D9CE8B00074EAE /* CBMasterViewController_iPad.xib */ = {
			isa = PBXVariantGroup;
			children = (
				F48417ED16D9CE8B00074EAE /* en */,
			);
			name = CBMasterViewController_iPad.xib;
			sourceTree = "<group>";
		};
		F48417F216D9CE8B00074EAE /* CBDetailViewController_iPad.xib */ = {
			isa = PBXVariantGroup;
			children = (
				F48417F316D9CE8B00074EAE /* en */,
			);
			name = CBDetailViewController_iPad.xib;
			sourceTree = "<group>";
		};
/* End PBXVariantGroup section */

/* Begin XCBuildConfiguration section */
		F48417F516D9CE8B00074EAE /* Debug */ = {
			isa = XCBuildConfiguration;
			buildSettings = {
				ALWAYS_SEARCH_USER_PATHS = NO;
				CLANG_CXX_LANGUAGE_STANDARD = "gnu++0x";
				CLANG_CXX_LIBRARY = "libc++";
				CLANG_ENABLE_OBJC_ARC = YES;
				CLANG_WARN_CONSTANT_CONVERSION = YES;
				CLANG_WARN_EMPTY_BODY = YES;
				CLANG_WARN_ENUM_CONVERSION = YES;
				CLANG_WARN_INT_CONVERSION = YES;
				CLANG_WARN__DUPLICATE_METHOD_MATCH = YES;
				"CODE_SIGN_IDENTITY[sdk=iphoneos*]" = "iPhone Developer";
				COPY_PHASE_STRIP = NO;
				GCC_C_LANGUAGE_STANDARD = gnu99;
				GCC_DYNAMIC_NO_PIC = NO;
				GCC_OPTIMIZATION_LEVEL = 0;
				GCC_PREPROCESSOR_DEFINITIONS = (
					"DEBUG=1",
					"$(inherited)",
				);
				GCC_SYMBOLS_PRIVATE_EXTERN = NO;
				GCC_WARN_ABOUT_RETURN_TYPE = YES;
				GCC_WARN_UNINITIALIZED_AUTOS = YES;
				GCC_WARN_UNUSED_VARIABLE = YES;
				IPHONEOS_DEPLOYMENT_TARGET = 6.1;
				ONLY_ACTIVE_ARCH = YES;
				SDKROOT = iphoneos;
				TARGETED_DEVICE_FAMILY = "1,2";
			};
			name = Debug;
		};
		F48417F616D9CE8B00074EAE /* Release */ = {
			isa = XCBuildConfiguration;
			buildSettings = {
				ALWAYS_SEARCH_USER_PATHS = NO;
				CLANG_CXX_LANGUAGE_STANDARD = "gnu++0x";
				CLANG_CXX_LIBRARY = "libc++";
				CLANG_ENABLE_OBJC_ARC = YES;
				CLANG_WARN_CONSTANT_CONVERSION = YES;
				CLANG_WARN_EMPTY_BODY = YES;
				CLANG_WARN_ENUM_CONVERSION = YES;
				CLANG_WARN_INT_CONVERSION = YES;
				CLANG_WARN__DUPLICATE_METHOD_MATCH = YES;
				"CODE_SIGN_IDENTITY[sdk=iphoneos*]" = "iPhone Developer";
				COPY_PHASE_STRIP = YES;
				GCC_C_LANGUAGE_STANDARD = gnu99;
				GCC_WARN_ABOUT_RETURN_TYPE = YES;
				GCC_WARN_UNINITIALIZED_AUTOS = YES;
				GCC_WARN_UNUSED_VARIABLE = YES;
				IPHONEOS_DEPLOYMENT_TARGET = 6.1;
				OTHER_CFLAGS = "-DNS_BLOCK_ASSERTIONS=1";
				SDKROOT = iphoneos;
				TARGETED_DEVICE_FAMILY = "1,2";
				VALIDATE_PRODUCT = YES;
			};
			name = Release;
		};
		F48417F816D9CE8B00074EAE /* Debug */ = {
			isa = XCBuildConfiguration;
			baseConfigurationReference = DE86F31D8B7447589944036B /* Pods.xcconfig */;
			buildSettings = {
				GCC_PRECOMPILE_PREFIX_HEADER = YES;
				GCC_PREFIX_HEADER = "CommunityBoard/CommunityBoard-Prefix.pch";
				INFOPLIST_FILE = "CommunityBoard/CommunityBoard-Info.plist";
				PRODUCT_NAME = "$(TARGET_NAME)";
				WRAPPER_EXTENSION = app;
			};
			name = Debug;
		};
		F48417F916D9CE8B00074EAE /* Release */ = {
			isa = XCBuildConfiguration;
			baseConfigurationReference = DE86F31D8B7447589944036B /* Pods.xcconfig */;
			buildSettings = {
				GCC_PRECOMPILE_PREFIX_HEADER = YES;
				GCC_PREFIX_HEADER = "CommunityBoard/CommunityBoard-Prefix.pch";
				INFOPLIST_FILE = "CommunityBoard/CommunityBoard-Info.plist";
				PRODUCT_NAME = "$(TARGET_NAME)";
				WRAPPER_EXTENSION = app;
			};
			name = Release;
		};
/* End XCBuildConfiguration section */

/* Begin XCConfigurationList section */
		F48417BE16D9CE8B00074EAE /* Build configuration list for PBXProject "CommunityBoard" */ = {
			isa = XCConfigurationList;
			buildConfigurations = (
				F48417F516D9CE8B00074EAE /* Debug */,
				F48417F616D9CE8B00074EAE /* Release */,
			);
			defaultConfigurationIsVisible = 0;
			defaultConfigurationName = Release;
		};
		F48417F716D9CE8B00074EAE /* Build configuration list for PBXNativeTarget "CommunityBoard" */ = {
			isa = XCConfigurationList;
			buildConfigurations = (
				F48417F816D9CE8B00074EAE /* Debug */,
				F48417F916D9CE8B00074EAE /* Release */,
			);
			defaultConfigurationIsVisible = 0;
			defaultConfigurationName = Release;
		};
/* End XCConfigurationList section */

/* Begin XCVersionGroup section */
		F48417E016D9CE8B00074EAE /* CommunityBoard.xcdatamodeld */ = {
			isa = XCVersionGroup;
			children = (
				F48417E116D9CE8B00074EAE /* CommunityBoard.xcdatamodel */,
			);
			currentVersion = F48417E116D9CE8B00074EAE /* CommunityBoard.xcdatamodel */;
			path = CommunityBoard.xcdatamodeld;
			sourceTree = "<group>";
			versionGroupType = wrapper.xcdatamodel;
		};
/* End XCVersionGroup section */
	};
	rootObject = F48417BB16D9CE8B00074EAE /* Project object */;
}
